{
  "nodes": {
    "home-manager": {
      "inputs": {
        "nixpkgs": [
          "nixpkgs"
        ]
      },
      "locked": {
        "lastModified": 1764776959,
        "narHash": "sha256-d+5CGloq7Lo1u2SkzhF8oiOdUc6Z5emh22nTXUB9CFA=",
        "owner": "nix-community",
        "repo": "home-manager",
        "rev": "e1680d594a9281651cbf7d126941a8c8e2396183",
        "type": "github"
      },
      "original": {
        "owner": "nix-community",
        "ref": "release-25.11",
        "repo": "home-manager",
        "type": "github"
      }
    },
    "home-manager_2": {
      "inputs": {
        "nixpkgs": [
          "zen-browser",
          "nixpkgs"
        ]
      },
      "locked": {
        "lastModified": 1762964643,
        "narHash": "sha256-RYHN8O/Aja59XDji6WSJZPkJpYVUfpSkyH+PEupBJqM=",
        "owner": "nix-community",
        "repo": "home-manager",
        "rev": "827f2a23373a774a8805f84ca5344654c31f354b",
        "type": "github"
      },
      "original": {
        "owner": "nix-community",
        "repo": "home-manager",
        "type": "github"
      }
    },
    "nixpkgs": {
      "locked": {
        "lastModified": 1764522689,
        "narHash": "sha256-SqUuBFjhl/kpDiVaKLQBoD8TLD+/cTUzzgVFoaHrkqY=",
        "owner": "nixos",
        "repo": "nixpkgs",
        "rev": "8bb5646e0bed5dbd3ab08c7a7cc15b75ab4e1d0f",
        "type": "github"
      },
      "original": {
        "owner": "nixos",
        "ref": "nixos-25.11",
        "repo": "nixpkgs",
        "type": "github"
      }
    },
    "root": {
      "inputs": {
        "home-manager": "home-manager",
        "nixpkgs": "nixpkgs",
        "zen-browser": "zen-browser"
      }
    },
    "zen-browser": {
      "inputs": {
        "home-manager": "home-manager_2",
        "nixpkgs": [
          "nixpkgs"
        ]
      },
      "locked": {
        "lastModified": 1763875162,
        "narHash": "sha256-D47ODwc9dzggJkEpnXWVT7//OscV95oRgDYPZKLZBy8=",
        "owner": "0xc000022070",
        "repo": "zen-browser-flake",
        "rev": "485ae582204e904b59cb8f8f6492ae8c6991f8c5",
        "type": "github"
      },
      "original": {
        "owner": "0xc000022070",
        "repo": "zen-browser-flake",
        "type": "github"
      }
    }
  },
  "root": "root",
  "version": 7
}
